// !$*UTF8*$!
{
	archiveVersion = 1;
	classes = {
	};
	objectVersion = 77;
	objects = {

/* Begin PBXBuildFile section */
		0005F1BE34EC7C0DA1814AFC /* WorktreeService.swift in Sources */ = {isa = PBXBuildFile; fileRef = 709721096373D93A263660AB /* WorktreeService.swift */; };
		01330EDDF1BD8FFBBA86E045 /* SidebarView.swift in Sources */ = {isa = PBXBuildFile; fileRef = 1A268687E6FB693A77166E11 /* SidebarView.swift */; };
		0372E54756482C36712CCD55 /* GitStatusAutoRefreshTests.swift in Sources */ = {isa = PBXBuildFile; fileRef = 7D08217127D0DB6ED44164BD /* GitStatusAutoRefreshTests.swift */; };
		04DCE84FEB30B0CE57BD6213 /* SourceContract.swift in Sources */ = {isa = PBXBuildFile; fileRef = FFEDE6A5A2B6B85C812CEFAC /* SourceContract.swift */; };
		06D940FC58CFA264CECE7332 /* LocalBranchPickerTests.swift in Sources */ = {isa = PBXBuildFile; fileRef = EDA50BB27255AFF560A99F86 /* LocalBranchPickerTests.swift */; };
		0A3E6960DEB14D2769E4775A /* ContentAreaView+FilePanel.swift in Sources */ = {isa = PBXBuildFile; fileRef = BD50F7E8079BEC5DEA0DC523 /* ContentAreaView+FilePanel.swift */; };
		0B8AAB5E791399EA83F83F18 /* Project.swift in Sources */ = {isa = PBXBuildFile; fileRef = AF5C0E9D5F6638CD5FEFE123 /* Project.swift */; };
		0E12DBED45B56CCE6139ADA2 /* GitDiffStatParserTests.swift in Sources */ = {isa = PBXBuildFile; fileRef = 31F5743E7A55EE9FBC908770 /* GitDiffStatParserTests.swift */; };
		119DE14EA5609D09869E6820 /* RightSidebarView+WorkspaceFileModels.swift in Sources */ = {isa = PBXBuildFile; fileRef = 3A5341177B2D47B156B6A161 /* RightSidebarView+WorkspaceFileModels.swift */; };
		12D7A8C68E6686B8EB0BF266 /* SidebarState.swift in Sources */ = {isa = PBXBuildFile; fileRef = BC0B9ECA31DC779CDC60C200 /* SidebarState.swift */; };
		15DFA75952566E938AECED46 /* GitPreviewPanelTests.swift in Sources */ = {isa = PBXBuildFile; fileRef = 3D74EFE13FBE5E49414DB592 /* GitPreviewPanelTests.swift */; };
		18CB9A2225E3B84398CD6CC0 /* GitSidebarPlaceholder.swift in Sources */ = {isa = PBXBuildFile; fileRef = DEEC7DB717D1E63F5D12D2EF /* GitSidebarPlaceholder.swift */; };
		19931B12DE9DC4CF1FAE8180 /* TerminalNSViewSupport.swift in Sources */ = {isa = PBXBuildFile; fileRef = 24CFEA98D48AB58A04B6D707 /* TerminalNSViewSupport.swift */; };
		19F52C9DA9B94C0CB6CBAA7C /* WorkspaceUIContractTests.swift in Sources */ = {isa = PBXBuildFile; fileRef = 36AB7BEA90617BC349DB39F2 /* WorkspaceUIContractTests.swift */; };
		1BE0A59ABAB4B201B36ADB61 /* ContentAreaView+SyntaxLanguage.swift in Sources */ = {isa = PBXBuildFile; fileRef = B01C2A9CF40C68B270ECBA48 /* ContentAreaView+SyntaxLanguage.swift */; };
		1C9D29E73850C1E987EA7691 /* AgentStatusUIContractTests.swift in Sources */ = {isa = PBXBuildFile; fileRef = BF53172B91C7A98FE555BB50 /* AgentStatusUIContractTests.swift */; };
		1E8DB0ADCCBD53DF40A36B88 /* WorktreeBranchUniquenessTests.swift in Sources */ = {isa = PBXBuildFile; fileRef = 93BB47420C5E72E32FA26F97 /* WorktreeBranchUniquenessTests.swift */; };
		23C029B466A4916F25527967 /* ArgusDiffWebViewCoordinator.swift in Sources */ = {isa = PBXBuildFile; fileRef = BE76A4FD14A9BD8A6859DB42 /* ArgusDiffWebViewCoordinator.swift */; };
		2401E44539747B1C9FDBC5E9 /* MainWindowView.swift in Sources */ = {isa = PBXBuildFile; fileRef = 172F49E4DC138F5AEEE1E515 /* MainWindowView.swift */; };
		250B3D2B9ACACC6A9F9C1B12 /* WorkspaceTitleFormatter.swift in Sources */ = {isa = PBXBuildFile; fileRef = DC3870BE2DAE279DC4BF8974 /* WorkspaceTitleFormatter.swift */; };
		260C169969B555F7E7CCAD81 /* GitStatusUIContractTests.swift in Sources */ = {isa = PBXBuildFile; fileRef = EAEA40E4A41292D6EBE0E95B /* GitStatusUIContractTests.swift */; };
		266AC714DABCBEEC0C9B1F0A /* GitStatusServiceTests.swift in Sources */ = {isa = PBXBuildFile; fileRef = 765F5DFD4CF9D655D663E212 /* GitStatusServiceTests.swift */; };
		297F533A5D3B631440E29B44 /* AppDelegate.swift in Sources */ = {isa = PBXBuildFile; fileRef = 766D499B513D46D821809F08 /* AppDelegate.swift */; };
		2BE9A99F5027BA3CF54496D9 /* ContentAreaView.swift in Sources */ = {isa = PBXBuildFile; fileRef = B82A11967759AA4F1B34B47C /* ContentAreaView.swift */; };
		2CC89F9CEA4C597D5E8B4E47 /* SidebarView+Projects.swift in Sources */ = {isa = PBXBuildFile; fileRef = B3C30747813A8F6BAE6AB32D /* SidebarView+Projects.swift */; };
		30CB5BDF7A31DE52A0BA63D8 /* ArgusDiffInput.swift in Sources */ = {isa = PBXBuildFile; fileRef = 1645605131C8A8280C0D73CC /* ArgusDiffInput.swift */; };
		344B25CC7C2ADD72466CD792 /* ExistingBranchPickerTests.swift in Sources */ = {isa = PBXBuildFile; fileRef = D681607918630CD263C690CE /* ExistingBranchPickerTests.swift */; };
		395203F465B0D6EDBD1BC9E3 /* GitStatusParserTests.swift in Sources */ = {isa = PBXBuildFile; fileRef = E9E7D7DCF97A300FE8386B3A /* GitStatusParserTests.swift */; };
		46F58C605F00F868BAC204A0 /* GitSidebarView+Content.swift in Sources */ = {isa = PBXBuildFile; fileRef = D2FE31B230E300291D165856 /* GitSidebarView+Content.swift */; };
		48E62BE8320ACBDE490E28A2 /* GitStatusAutoRefreshController.swift in Sources */ = {isa = PBXBuildFile; fileRef = F4CAD208D03EF627A5AADF06 /* GitStatusAutoRefreshController.swift */; };
		4B7BD698C037E123F109CA97 /* NewWorkspaceSheet.swift in Sources */ = {isa = PBXBuildFile; fileRef = 8C01FB15CE585853A5C6581E /* NewWorkspaceSheet.swift */; };
		4D1C3908D831F340E8ACEED0 /* TerminalDirectorySnapshotTests.swift in Sources */ = {isa = PBXBuildFile; fileRef = 3194FA21992F916DD0D62855 /* TerminalDirectorySnapshotTests.swift */; };
		50F6B25472890B2CE7A86800 /* ArgusApp.swift in Sources */ = {isa = PBXBuildFile; fileRef = 10818EB6FE9BF83CFC040732 /* ArgusApp.swift */; };
		53DAA267643538C145ADEE37 /* RightSidebarView+WorkspaceFilesView.swift in Sources */ = {isa = PBXBuildFile; fileRef = 67B95D53AE677C0805034EBA /* RightSidebarView+WorkspaceFilesView.swift */; };
		542AA4D2D6CA471D8BB5AC79 /* GitStatusViewModelTests.swift in Sources */ = {isa = PBXBuildFile; fileRef = 51F91E726725C5D06375AA8E /* GitStatusViewModelTests.swift */; };
		5833B09BEC6F2B997D15F4BF /* Workspace+Panels.swift in Sources */ = {isa = PBXBuildFile; fileRef = D6739A9DD84516F1F20ABA6B /* Workspace+Panels.swift */; };
		5974AE95C0C64669D0C96C1E /* GitPreviewServiceTests.swift in Sources */ = {isa = PBXBuildFile; fileRef = B61F2A403CEF604900074280 /* GitPreviewServiceTests.swift */; };
		5A59FFC0BA2E3DDE375850FB /* BrowserPanelUIContractTests.swift in Sources */ = {isa = PBXBuildFile; fileRef = A04D862809818007329A335B /* BrowserPanelUIContractTests.swift */; };
		5B4BB7179424815BEF595AF7 /* ExistingWorktreeBranchChoiceTests.swift in Sources */ = {isa = PBXBuildFile; fileRef = D3FB117AE6DF223AE2B1A0A0 /* ExistingWorktreeBranchChoiceTests.swift */; };
		5CA8BA83FC424DB7E9538E28 /* ContentAreaView+SyntaxHighlighter.swift in Sources */ = {isa = PBXBuildFile; fileRef = ED1CFB5B60DC9CCCB94CEADB /* ContentAreaView+SyntaxHighlighter.swift */; };
		6931D0DEA3B30E42F90CD235 /* ContentAreaView+MarkdownRenderer.swift in Sources */ = {isa = PBXBuildFile; fileRef = 6E54D933E45F24687492BD0F /* ContentAreaView+MarkdownRenderer.swift */; };
		6A070C166FF0C9361AE775B5 /* GitDiffStatParser.swift in Sources */ = {isa = PBXBuildFile; fileRef = 4DB16A21820EB52A4A4D2ABD /* GitDiffStatParser.swift */; };
		6A4C05C340641327AC48E31D /* TabBarView.swift in Sources */ = {isa = PBXBuildFile; fileRef = 29E4A93EB538D6AE1F188805 /* TabBarView.swift */; };
		6ACDF998D304D03C52DE5241 /* GhosttyCallbacks.swift in Sources */ = {isa = PBXBuildFile; fileRef = CD1784EE26371C0FE0BF4A6D /* GhosttyCallbacks.swift */; };
		6F37A27F399CF7C90403678B /* WorkspaceManager.swift in Sources */ = {isa = PBXBuildFile; fileRef = D91C4B07F7CA247F3E95F11A /* WorkspaceManager.swift */; };
		70A03FBF810E62C0614FDCE9 /* TitlebarView.swift in Sources */ = {isa = PBXBuildFile; fileRef = 5B4D60E83B20F24AA92F8F19 /* TitlebarView.swift */; };
		731C90BF98E20510EDF3C7AB /* TerminalNSView.swift in Sources */ = {isa = PBXBuildFile; fileRef = EF781F36ADED8076735767AF /* TerminalNSView.swift */; };
		760E71483559B9C4814A3C55 /* GitSidebarView.swift in Sources */ = {isa = PBXBuildFile; fileRef = 2BC41CF5BFC955D50F929F5A /* GitSidebarView.swift */; };
		77FD46F97F5A4D65CB9B0FED /* WorkspaceManager+Navigation.swift in Sources */ = {isa = PBXBuildFile; fileRef = C20F83AF521A162C854D1D55 /* WorkspaceManager+Navigation.swift */; };
		780958478201BE29D14FDE1D /* BrowserView.swift in Sources */ = {isa = PBXBuildFile; fileRef = 4522B14CD49E7A2F3CC4AD86 /* BrowserView.swift */; };
		7881D1501D4005FC0371E618 /* Workspace.swift in Sources */ = {isa = PBXBuildFile; fileRef = 4EA1923AE8EFCF89F42CB0AC /* Workspace.swift */; };
		7D8EED9F1473ED9C8C39AB19 /* WorkspaceManager+Projects.swift in Sources */ = {isa = PBXBuildFile; fileRef = 9444730F6777142B0328C4AF /* WorkspaceManager+Projects.swift */; };
		813D2763BDCAD2DEB3EEADF0 /* BrowserPanelTests.swift in Sources */ = {isa = PBXBuildFile; fileRef = B921EB3F145DEF6CD009EAE1 /* BrowserPanelTests.swift */; };
		84AFCD154E69A6433732EBA7 /* SidebarView+Header.swift in Sources */ = {isa = PBXBuildFile; fileRef = BBAD922CBF0C867C0EDB5DBD /* SidebarView+Header.swift */; };
		84E9D9C430F370DBA6BC8373 /* GitStatusViewModel.swift in Sources */ = {isa = PBXBuildFile; fileRef = 4B65BCC437F1421231D69ACC /* GitStatusViewModel.swift */; };
		8636CC81DDF11A64370CCE10 /* SidebarView+WorkspaceRow.swift in Sources */ = {isa = PBXBuildFile; fileRef = 352F64861AA2C2C5F68D7F07 /* SidebarView+WorkspaceRow.swift */; };
		871E8DB039626348E04BBB45 /* ArgusDiffHTMLTemplate.swift in Sources */ = {isa = PBXBuildFile; fileRef = A5D03CF9AE8CC60343A9BE16 /* ArgusDiffHTMLTemplate.swift */; };
		87493FA1AF978AF6E9AFD2ED /* RightSidebarView+WorkspaceFilesViewModel.swift in Sources */ = {isa = PBXBuildFile; fileRef = CD6973DE1B19391C64DF8AA0 /* RightSidebarView+WorkspaceFilesViewModel.swift */; };
		88BC7D1396D8D58FE838DAAC /* WorktreeService+Discovery.swift in Sources */ = {isa = PBXBuildFile; fileRef = 925161D329354881878FAB0E /* WorktreeService+Discovery.swift */; };
		8BE566ED8CA78019794102A0 /* AgentStatusStoreTests.swift in Sources */ = {isa = PBXBuildFile; fileRef = 7A63FF7DA0FD201FB28190CA /* AgentStatusStoreTests.swift */; };
		8F194E2E27E6DCE202387006 /* TitlebarGitContextFormatterTests.swift in Sources */ = {isa = PBXBuildFile; fileRef = 9A24DE4AA9295D21C06F5C39 /* TitlebarGitContextFormatterTests.swift */; };
		9092C8AB076AD8FC641588B2 /* RightSidebarView+WorkspaceFileTree.swift in Sources */ = {isa = PBXBuildFile; fileRef = 67E97A521D4EE12B47A3FEF7 /* RightSidebarView+WorkspaceFileTree.swift */; };
		9124A35C7B7C12817343252E /* WorktreeService+Operations.swift in Sources */ = {isa = PBXBuildFile; fileRef = A3E1F81F2D4F0342CDD02E30 /* WorktreeService+Operations.swift */; };
		92C213F4093831E8F18EAD07 /* OrphanedWorktreesSheet.swift in Sources */ = {isa = PBXBuildFile; fileRef = 4FA4A99862B8FD090D3E03DF /* OrphanedWorktreesSheet.swift */; };
		934A5237A84E1FFF6CE0571D /* ArgusDiffView.swift in Sources */ = {isa = PBXBuildFile; fileRef = 71046139E7FD2CB143551E37 /* ArgusDiffView.swift */; };
		946582F28CCD417A6C8F33F3 /* AgentStatus.swift in Sources */ = {isa = PBXBuildFile; fileRef = AF1749489767D34375CBDDCF /* AgentStatus.swift */; };
		9610F68F0273C22A7C5BA20B /* CurrentBranchDetectionTests.swift in Sources */ = {isa = PBXBuildFile; fileRef = D81A0F7652F3030290E53436 /* CurrentBranchDetectionTests.swift */; };
		9679B7D72B5B733E06616895 /* GitStatusRootResolverTests.swift in Sources */ = {isa = PBXBuildFile; fileRef = 6B72A806CCA50285C46D5FF9 /* GitStatusRootResolverTests.swift */; };
		9922D80421D39D138E2E720C /* GitPreviewPanel.swift in Sources */ = {isa = PBXBuildFile; fileRef = 85FE34D951D91C6D8B321B40 /* GitPreviewPanel.swift */; };
		99AE3FC1AB4F412A618B127C /* ProjectAndWorktreeUIContractTests.swift in Sources */ = {isa = PBXBuildFile; fileRef = DFE0FA88546FBFAD28E1D952 /* ProjectAndWorktreeUIContractTests.swift */; };
		9A2F8235FB0F7ABE0FED56D9 /* GitSidebarView+RowsAndOperations.swift in Sources */ = {isa = PBXBuildFile; fileRef = 8C754D8247CA7B2E66E7545A /* GitSidebarView+RowsAndOperations.swift */; };
		9BFCE5E9F8D561CAA0CA6E19 /* ChromeColors.swift in Sources */ = {isa = PBXBuildFile; fileRef = 4F4253A4E13FA79C8E83E7C1 /* ChromeColors.swift */; };
		A0C1428612E01868D6B2BD69 /* SessionReconciliationTests.swift in Sources */ = {isa = PBXBuildFile; fileRef = D95862A281739942EE89A56D /* SessionReconciliationTests.swift */; };
		A65C95F2982AA18D7D80D785 /* WorkspaceTitleFormatterTests.swift in Sources */ = {isa = PBXBuildFile; fileRef = E9BCAEFE4ACA1C2C2E921A6A /* WorkspaceTitleFormatterTests.swift */; };
		AB121FB0384DC0B18B8FDC43 /* RepositoryRootNormalizationTests.swift in Sources */ = {isa = PBXBuildFile; fileRef = 0A0B59D2D5F42C91DCDAECE1 /* RepositoryRootNormalizationTests.swift */; };
		AEE3EB622810DCECC32D71FD /* GitPreviewService.swift in Sources */ = {isa = PBXBuildFile; fileRef = 470C27E1E483568C99FF880E /* GitPreviewService.swift */; };
		B87E14DF8A9A133F597BC3E9 /* SidebarStatePersistenceTests.swift in Sources */ = {isa = PBXBuildFile; fileRef = B85B710CD787E14321AB971B /* SidebarStatePersistenceTests.swift */; };
		BDC7BC7F2CBFED6BA6D6548A /* RightSidebarView+WorkspaceFilesActions.swift in Sources */ = {isa = PBXBuildFile; fileRef = 5A7DCFCA3143FA38266A9C08 /* RightSidebarView+WorkspaceFilesActions.swift */; };
		BF2202FFE0CAFA09111B2127 /* BrowserPanel.swift in Sources */ = {isa = PBXBuildFile; fileRef = DA7D0BBA1C3E522DF924BE31 /* BrowserPanel.swift */; };
		C2E5687B5858D87FC40BAA9E /* ArgusDiffRenderingTests.swift in Sources */ = {isa = PBXBuildFile; fileRef = 75E5C691A8EE5685548AEBE8 /* ArgusDiffRenderingTests.swift */; };
		C5034845ED2A4C411E1AA5EA /* TerminalSurface.swift in Sources */ = {isa = PBXBuildFile; fileRef = A0DE49DF785BEEBDEBA739E8 /* TerminalSurface.swift */; };
		CA9E20D4B9631A1BD8BA796C /* TerminalView.swift in Sources */ = {isa = PBXBuildFile; fileRef = 2A66AF57A5A40B3722A56592 /* TerminalView.swift */; };
		CABB52CC6A3EC4A1CC25627C /* SessionSnapshot.swift in Sources */ = {isa = PBXBuildFile; fileRef = 088F13043584037475E77D04 /* SessionSnapshot.swift */; };
		CB02BAC29DD3DD12EE0AF3FE /* GitStatusParser.swift in Sources */ = {isa = PBXBuildFile; fileRef = 42040B76D2872AC71249796C /* GitStatusParser.swift */; };
		CB815ACD4857FE48C686047C /* ContentAreaView+Previews.swift in Sources */ = {isa = PBXBuildFile; fileRef = F1DB58B67B915B98FA696DCA /* ContentAreaView+Previews.swift */; };
		CCBA30F3C0A6DB329DE695B2 /* GhosttyInput.swift in Sources */ = {isa = PBXBuildFile; fileRef = 6AAE1F6D2D88EDCBC72EA3AF /* GhosttyInput.swift */; };
		CD3A7008FD8EA79C557C634C /* GhosttyApp.swift in Sources */ = {isa = PBXBuildFile; fileRef = E1902C84B53CB6CA56DE23B2 /* GhosttyApp.swift */; };
		CEF870EB346EBD44B4FE2FB4 /* GitStatus.swift in Sources */ = {isa = PBXBuildFile; fileRef = 564CED7FFF04C34E03455980 /* GitStatus.swift */; };
		D35C1A0AE42B8588626875B1 /* Assets.xcassets in Resources */ = {isa = PBXBuildFile; fileRef = C46B327656627D8D71A2C84F /* Assets.xcassets */; };
		D4896009B04CCC4154BC4CA3 /* RightSidebarView+WorkspaceFilesRows.swift in Sources */ = {isa = PBXBuildFile; fileRef = 60943ED18C50AF13F94B9691 /* RightSidebarView+WorkspaceFilesRows.swift */; };
		D5CC9F277D7D725722527A4D /* GitStatusViewModel+Actions.swift in Sources */ = {isa = PBXBuildFile; fileRef = E8262E7069B94AF259CF0905 /* GitStatusViewModel+Actions.swift */; };
		D76A28B8605DADFD16E997BC /* pierre-diffs-bundle.js in Resources */ = {isa = PBXBuildFile; fileRef = 673F5E881AC0083D421778FD /* pierre-diffs-bundle.js */; };
		D8D1DE19F62552C5501E47BD /* BranchAvailabilityTests.swift in Sources */ = {isa = PBXBuildFile; fileRef = 5F828578257356A65F90D274 /* BranchAvailabilityTests.swift */; };
		DC862B0710F0629EAB8BDF7A /* SidebarLayout.swift in Sources */ = {isa = PBXBuildFile; fileRef = E6D28191E019C7FB7E2AE020 /* SidebarLayout.swift */; };
		DDE4A691BA635A503F286FEF /* TitlebarGitStatusViewModelTests.swift in Sources */ = {isa = PBXBuildFile; fileRef = 9E5DA20601C0F85B1927FF74 /* TitlebarGitStatusViewModelTests.swift */; };
		DE064802D532B067D46A9753 /* RightSidebarView.swift in Sources */ = {isa = PBXBuildFile; fileRef = 6DE597954219DB5FD5F02E2E /* RightSidebarView.swift */; };
		DF5782CB9AA7E014F6F68AC4 /* GitSidebarView+Sections.swift in Sources */ = {isa = PBXBuildFile; fileRef = 39B7F4539F94C01EAA98ADC9 /* GitSidebarView+Sections.swift */; };
		DF61F03B0291C4801D0BA0FF /* GitStatusService.swift in Sources */ = {isa = PBXBuildFile; fileRef = 16B9FAB1109B3A420ADD6DC4 /* GitStatusService.swift */; };
		E20DFC66EAE40A5C68EC4F09 /* SidebarLayoutTests.swift in Sources */ = {isa = PBXBuildFile; fileRef = D753CE6E1FFD67B19A85930F /* SidebarLayoutTests.swift */; };
		E3FCCA98DDAA416589EF30A8 /* NewProjectSheet.swift in Sources */ = {isa = PBXBuildFile; fileRef = 704AC69ACE9114900992E244 /* NewProjectSheet.swift */; };
		E4830742CCBF697A5503CDFB /* GhosttyConfig.swift in Sources */ = {isa = PBXBuildFile; fileRef = 93A28C47CFFC35C8515E0B8F /* GhosttyConfig.swift */; };
		EAB3343A6EE57205E148A50E /* GitFileStatusStyle.swift in Sources */ = {isa = PBXBuildFile; fileRef = 4C1ED524D3519A8D6A0A46D0 /* GitFileStatusStyle.swift */; };
		EE31F58DE3DF374DB8E6C07E /* SessionSnapshotTests.swift in Sources */ = {isa = PBXBuildFile; fileRef = 0EA813F930B12FDBB09C67C8 /* SessionSnapshotTests.swift */; };
		EF04235849461CCB3B6C16E5 /* Panel.swift in Sources */ = {isa = PBXBuildFile; fileRef = 7E5CB1EAA0A66B7411EB8C71 /* Panel.swift */; };
		F46179E18E48775C783E104A /* ExistingBranchWorktreeTests.swift in Sources */ = {isa = PBXBuildFile; fileRef = 9C0107B8A19AEA8B1CDB683C /* ExistingBranchWorktreeTests.swift */; };
		F7B2935F162B1E42E5035113 /* SidebarDivider.swift in Sources */ = {isa = PBXBuildFile; fileRef = 5B15831275B325CA2E8A4D69 /* SidebarDivider.swift */; };
		FB0D3C8AFA0194B780E21889 /* TerminalPanel.swift in Sources */ = {isa = PBXBuildFile; fileRef = 2C6799AE81C5533761C5D201 /* TerminalPanel.swift */; };
		FEB6FAD07472E1F969768EDE /* SidebarView+VisualEffect.swift in Sources */ = {isa = PBXBuildFile; fileRef = 43C13DEF648882C5B548B61E /* SidebarView+VisualEffect.swift */; };
		FFBDCD8429853973D6C39753 /* AgentStatusStore.swift in Sources */ = {isa = PBXBuildFile; fileRef = 916EC158787B40AD0A9CC20D /* AgentStatusStore.swift */; };
/* End PBXBuildFile section */

/* Begin PBXContainerItemProxy section */
		9A697D2E46DFA1946C49CE17 /* PBXContainerItemProxy */ = {
			isa = PBXContainerItemProxy;
			containerPortal = 7317CB3691AAD002D5B8FA9F /* Project object */;
			proxyType = 1;
			remoteGlobalIDString = 002B50BE8863B8871A1A0A2C;
			remoteInfo = Argus;
		};
/* End PBXContainerItemProxy section */

/* Begin PBXFileReference section */
		088F13043584037475E77D04 /* SessionSnapshot.swift */ = {isa = PBXFileReference; lastKnownFileType = sourcecode.swift; path = SessionSnapshot.swift; sourceTree = "<group>"; };
		0A0B59D2D5F42C91DCDAECE1 /* RepositoryRootNormalizationTests.swift */ = {isa = PBXFileReference; lastKnownFileType = sourcecode.swift; path = RepositoryRootNormalizationTests.swift; sourceTree = "<group>"; };
		0EA813F930B12FDBB09C67C8 /* SessionSnapshotTests.swift */ = {isa = PBXFileReference; lastKnownFileType = sourcecode.swift; path = SessionSnapshotTests.swift; sourceTree = "<group>"; };
		10818EB6FE9BF83CFC040732 /* ArgusApp.swift */ = {isa = PBXFileReference; lastKnownFileType = sourcecode.swift; path = ArgusApp.swift; sourceTree = "<group>"; };
		1645605131C8A8280C0D73CC /* ArgusDiffInput.swift */ = {isa = PBXFileReference; lastKnownFileType = sourcecode.swift; path = ArgusDiffInput.swift; sourceTree = "<group>"; };
		16B9FAB1109B3A420ADD6DC4 /* GitStatusService.swift */ = {isa = PBXFileReference; lastKnownFileType = sourcecode.swift; path = GitStatusService.swift; sourceTree = "<group>"; };
		172F49E4DC138F5AEEE1E515 /* MainWindowView.swift */ = {isa = PBXFileReference; lastKnownFileType = sourcecode.swift; path = MainWindowView.swift; sourceTree = "<group>"; };
		1A268687E6FB693A77166E11 /* SidebarView.swift */ = {isa = PBXFileReference; lastKnownFileType = sourcecode.swift; path = SidebarView.swift; sourceTree = "<group>"; };
		240114454020A167A4D5C6A4 /* ArgusTests.xctest */ = {isa = PBXFileReference; explicitFileType = wrapper.cfbundle; includeInIndex = 0; path = ArgusTests.xctest; sourceTree = BUILT_PRODUCTS_DIR; };
		24CFEA98D48AB58A04B6D707 /* TerminalNSViewSupport.swift */ = {isa = PBXFileReference; lastKnownFileType = sourcecode.swift; path = TerminalNSViewSupport.swift; sourceTree = "<group>"; };
		29E4A93EB538D6AE1F188805 /* TabBarView.swift */ = {isa = PBXFileReference; lastKnownFileType = sourcecode.swift; path = TabBarView.swift; sourceTree = "<group>"; };
		2A66AF57A5A40B3722A56592 /* TerminalView.swift */ = {isa = PBXFileReference; lastKnownFileType = sourcecode.swift; path = TerminalView.swift; sourceTree = "<group>"; };
		2BC41CF5BFC955D50F929F5A /* GitSidebarView.swift */ = {isa = PBXFileReference; lastKnownFileType = sourcecode.swift; path = GitSidebarView.swift; sourceTree = "<group>"; };
		2C6799AE81C5533761C5D201 /* TerminalPanel.swift */ = {isa = PBXFileReference; lastKnownFileType = sourcecode.swift; path = TerminalPanel.swift; sourceTree = "<group>"; };
		3194FA21992F916DD0D62855 /* TerminalDirectorySnapshotTests.swift */ = {isa = PBXFileReference; lastKnownFileType = sourcecode.swift; path = TerminalDirectorySnapshotTests.swift; sourceTree = "<group>"; };
		31F5743E7A55EE9FBC908770 /* GitDiffStatParserTests.swift */ = {isa = PBXFileReference; lastKnownFileType = sourcecode.swift; path = GitDiffStatParserTests.swift; sourceTree = "<group>"; };
		352F64861AA2C2C5F68D7F07 /* SidebarView+WorkspaceRow.swift */ = {isa = PBXFileReference; lastKnownFileType = sourcecode.swift; path = "SidebarView+WorkspaceRow.swift"; sourceTree = "<group>"; };
		36AB7BEA90617BC349DB39F2 /* WorkspaceUIContractTests.swift */ = {isa = PBXFileReference; lastKnownFileType = sourcecode.swift; path = WorkspaceUIContractTests.swift; sourceTree = "<group>"; };
		39B7F4539F94C01EAA98ADC9 /* GitSidebarView+Sections.swift */ = {isa = PBXFileReference; lastKnownFileType = sourcecode.swift; path = "GitSidebarView+Sections.swift"; sourceTree = "<group>"; };
		3A5341177B2D47B156B6A161 /* RightSidebarView+WorkspaceFileModels.swift */ = {isa = PBXFileReference; lastKnownFileType = sourcecode.swift; path = "RightSidebarView+WorkspaceFileModels.swift"; sourceTree = "<group>"; };
		3D74EFE13FBE5E49414DB592 /* GitPreviewPanelTests.swift */ = {isa = PBXFileReference; lastKnownFileType = sourcecode.swift; path = GitPreviewPanelTests.swift; sourceTree = "<group>"; };
		42040B76D2872AC71249796C /* GitStatusParser.swift */ = {isa = PBXFileReference; lastKnownFileType = sourcecode.swift; path = GitStatusParser.swift; sourceTree = "<group>"; };
		43C13DEF648882C5B548B61E /* SidebarView+VisualEffect.swift */ = {isa = PBXFileReference; lastKnownFileType = sourcecode.swift; path = "SidebarView+VisualEffect.swift"; sourceTree = "<group>"; };
		4522B14CD49E7A2F3CC4AD86 /* BrowserView.swift */ = {isa = PBXFileReference; lastKnownFileType = sourcecode.swift; path = BrowserView.swift; sourceTree = "<group>"; };
		470C27E1E483568C99FF880E /* GitPreviewService.swift */ = {isa = PBXFileReference; lastKnownFileType = sourcecode.swift; path = GitPreviewService.swift; sourceTree = "<group>"; };
		4B65BCC437F1421231D69ACC /* GitStatusViewModel.swift */ = {isa = PBXFileReference; lastKnownFileType = sourcecode.swift; path = GitStatusViewModel.swift; sourceTree = "<group>"; };
		4C1ED524D3519A8D6A0A46D0 /* GitFileStatusStyle.swift */ = {isa = PBXFileReference; lastKnownFileType = sourcecode.swift; path = GitFileStatusStyle.swift; sourceTree = "<group>"; };
		4DB16A21820EB52A4A4D2ABD /* GitDiffStatParser.swift */ = {isa = PBXFileReference; lastKnownFileType = sourcecode.swift; path = GitDiffStatParser.swift; sourceTree = "<group>"; };
		4EA1923AE8EFCF89F42CB0AC /* Workspace.swift */ = {isa = PBXFileReference; lastKnownFileType = sourcecode.swift; path = Workspace.swift; sourceTree = "<group>"; };
		4F4253A4E13FA79C8E83E7C1 /* ChromeColors.swift */ = {isa = PBXFileReference; lastKnownFileType = sourcecode.swift; path = ChromeColors.swift; sourceTree = "<group>"; };
		4FA4A99862B8FD090D3E03DF /* OrphanedWorktreesSheet.swift */ = {isa = PBXFileReference; lastKnownFileType = sourcecode.swift; path = OrphanedWorktreesSheet.swift; sourceTree = "<group>"; };
		51F91E726725C5D06375AA8E /* GitStatusViewModelTests.swift */ = {isa = PBXFileReference; lastKnownFileType = sourcecode.swift; path = GitStatusViewModelTests.swift; sourceTree = "<group>"; };
		564CED7FFF04C34E03455980 /* GitStatus.swift */ = {isa = PBXFileReference; lastKnownFileType = sourcecode.swift; path = GitStatus.swift; sourceTree = "<group>"; };
		5A7DCFCA3143FA38266A9C08 /* RightSidebarView+WorkspaceFilesActions.swift */ = {isa = PBXFileReference; lastKnownFileType = sourcecode.swift; path = "RightSidebarView+WorkspaceFilesActions.swift"; sourceTree = "<group>"; };
		5B15831275B325CA2E8A4D69 /* SidebarDivider.swift */ = {isa = PBXFileReference; lastKnownFileType = sourcecode.swift; path = SidebarDivider.swift; sourceTree = "<group>"; };
		5B4D60E83B20F24AA92F8F19 /* TitlebarView.swift */ = {isa = PBXFileReference; lastKnownFileType = sourcecode.swift; path = TitlebarView.swift; sourceTree = "<group>"; };
		5F828578257356A65F90D274 /* BranchAvailabilityTests.swift */ = {isa = PBXFileReference; lastKnownFileType = sourcecode.swift; path = BranchAvailabilityTests.swift; sourceTree = "<group>"; };
		60943ED18C50AF13F94B9691 /* RightSidebarView+WorkspaceFilesRows.swift */ = {isa = PBXFileReference; lastKnownFileType = sourcecode.swift; path = "RightSidebarView+WorkspaceFilesRows.swift"; sourceTree = "<group>"; };
		673F5E881AC0083D421778FD /* pierre-diffs-bundle.js */ = {isa = PBXFileReference; lastKnownFileType = sourcecode.javascript; path = "pierre-diffs-bundle.js"; sourceTree = "<group>"; };
		67B95D53AE677C0805034EBA /* RightSidebarView+WorkspaceFilesView.swift */ = {isa = PBXFileReference; lastKnownFileType = sourcecode.swift; path = "RightSidebarView+WorkspaceFilesView.swift"; sourceTree = "<group>"; };
		67E97A521D4EE12B47A3FEF7 /* RightSidebarView+WorkspaceFileTree.swift */ = {isa = PBXFileReference; lastKnownFileType = sourcecode.swift; path = "RightSidebarView+WorkspaceFileTree.swift"; sourceTree = "<group>"; };
		6AAE1F6D2D88EDCBC72EA3AF /* GhosttyInput.swift */ = {isa = PBXFileReference; lastKnownFileType = sourcecode.swift; path = GhosttyInput.swift; sourceTree = "<group>"; };
		6B72A806CCA50285C46D5FF9 /* GitStatusRootResolverTests.swift */ = {isa = PBXFileReference; lastKnownFileType = sourcecode.swift; path = GitStatusRootResolverTests.swift; sourceTree = "<group>"; };
		6DE597954219DB5FD5F02E2E /* RightSidebarView.swift */ = {isa = PBXFileReference; lastKnownFileType = sourcecode.swift; path = RightSidebarView.swift; sourceTree = "<group>"; };
		6E54D933E45F24687492BD0F /* ContentAreaView+MarkdownRenderer.swift */ = {isa = PBXFileReference; lastKnownFileType = sourcecode.swift; path = "ContentAreaView+MarkdownRenderer.swift"; sourceTree = "<group>"; };
		704AC69ACE9114900992E244 /* NewProjectSheet.swift */ = {isa = PBXFileReference; lastKnownFileType = sourcecode.swift; path = NewProjectSheet.swift; sourceTree = "<group>"; };
		709721096373D93A263660AB /* WorktreeService.swift */ = {isa = PBXFileReference; lastKnownFileType = sourcecode.swift; path = WorktreeService.swift; sourceTree = "<group>"; };
		71046139E7FD2CB143551E37 /* ArgusDiffView.swift */ = {isa = PBXFileReference; lastKnownFileType = sourcecode.swift; path = ArgusDiffView.swift; sourceTree = "<group>"; };
		75E5C691A8EE5685548AEBE8 /* ArgusDiffRenderingTests.swift */ = {isa = PBXFileReference; lastKnownFileType = sourcecode.swift; path = ArgusDiffRenderingTests.swift; sourceTree = "<group>"; };
		765F5DFD4CF9D655D663E212 /* GitStatusServiceTests.swift */ = {isa = PBXFileReference; lastKnownFileType = sourcecode.swift; path = GitStatusServiceTests.swift; sourceTree = "<group>"; };
		766D499B513D46D821809F08 /* AppDelegate.swift */ = {isa = PBXFileReference; lastKnownFileType = sourcecode.swift; path = AppDelegate.swift; sourceTree = "<group>"; };
		7A63FF7DA0FD201FB28190CA /* AgentStatusStoreTests.swift */ = {isa = PBXFileReference; lastKnownFileType = sourcecode.swift; path = AgentStatusStoreTests.swift; sourceTree = "<group>"; };
		7D08217127D0DB6ED44164BD /* GitStatusAutoRefreshTests.swift */ = {isa = PBXFileReference; lastKnownFileType = sourcecode.swift; path = GitStatusAutoRefreshTests.swift; sourceTree = "<group>"; };
		7E5CB1EAA0A66B7411EB8C71 /* Panel.swift */ = {isa = PBXFileReference; lastKnownFileType = sourcecode.swift; path = Panel.swift; sourceTree = "<group>"; };
		85FE34D951D91C6D8B321B40 /* GitPreviewPanel.swift */ = {isa = PBXFileReference; lastKnownFileType = sourcecode.swift; path = GitPreviewPanel.swift; sourceTree = "<group>"; };
		86D4D33D9C23D6FB3D01EA36 /* Argus-Bridging-Header.h */ = {isa = PBXFileReference; lastKnownFileType = sourcecode.c.h; path = "Argus-Bridging-Header.h"; sourceTree = "<group>"; };
		8C01FB15CE585853A5C6581E /* NewWorkspaceSheet.swift */ = {isa = PBXFileReference; lastKnownFileType = sourcecode.swift; path = NewWorkspaceSheet.swift; sourceTree = "<group>"; };
		8C754D8247CA7B2E66E7545A /* GitSidebarView+RowsAndOperations.swift */ = {isa = PBXFileReference; lastKnownFileType = sourcecode.swift; path = "GitSidebarView+RowsAndOperations.swift"; sourceTree = "<group>"; };
		916EC158787B40AD0A9CC20D /* AgentStatusStore.swift */ = {isa = PBXFileReference; lastKnownFileType = sourcecode.swift; path = AgentStatusStore.swift; sourceTree = "<group>"; };
		925161D329354881878FAB0E /* WorktreeService+Discovery.swift */ = {isa = PBXFileReference; lastKnownFileType = sourcecode.swift; path = "WorktreeService+Discovery.swift"; sourceTree = "<group>"; };
		93A28C47CFFC35C8515E0B8F /* GhosttyConfig.swift */ = {isa = PBXFileReference; lastKnownFileType = sourcecode.swift; path = GhosttyConfig.swift; sourceTree = "<group>"; };
		93BB47420C5E72E32FA26F97 /* WorktreeBranchUniquenessTests.swift */ = {isa = PBXFileReference; lastKnownFileType = sourcecode.swift; path = WorktreeBranchUniquenessTests.swift; sourceTree = "<group>"; };
		9444730F6777142B0328C4AF /* WorkspaceManager+Projects.swift */ = {isa = PBXFileReference; lastKnownFileType = sourcecode.swift; path = "WorkspaceManager+Projects.swift"; sourceTree = "<group>"; };
		993038FF837D5E46395CF754 /* Argus.app */ = {isa = PBXFileReference; explicitFileType = wrapper.application; includeInIndex = 0; path = Argus.app; sourceTree = BUILT_PRODUCTS_DIR; };
		9A24DE4AA9295D21C06F5C39 /* TitlebarGitContextFormatterTests.swift */ = {isa = PBXFileReference; lastKnownFileType = sourcecode.swift; path = TitlebarGitContextFormatterTests.swift; sourceTree = "<group>"; };
		9C0107B8A19AEA8B1CDB683C /* ExistingBranchWorktreeTests.swift */ = {isa = PBXFileReference; lastKnownFileType = sourcecode.swift; path = ExistingBranchWorktreeTests.swift; sourceTree = "<group>"; };
		9E5DA20601C0F85B1927FF74 /* TitlebarGitStatusViewModelTests.swift */ = {isa = PBXFileReference; lastKnownFileType = sourcecode.swift; path = TitlebarGitStatusViewModelTests.swift; sourceTree = "<group>"; };
		A04D862809818007329A335B /* BrowserPanelUIContractTests.swift */ = {isa = PBXFileReference; lastKnownFileType = sourcecode.swift; path = BrowserPanelUIContractTests.swift; sourceTree = "<group>"; };
		A0DE49DF785BEEBDEBA739E8 /* TerminalSurface.swift */ = {isa = PBXFileReference; lastKnownFileType = sourcecode.swift; path = TerminalSurface.swift; sourceTree = "<group>"; };
		A3E1F81F2D4F0342CDD02E30 /* WorktreeService+Operations.swift */ = {isa = PBXFileReference; lastKnownFileType = sourcecode.swift; path = "WorktreeService+Operations.swift"; sourceTree = "<group>"; };
		A5D03CF9AE8CC60343A9BE16 /* ArgusDiffHTMLTemplate.swift */ = {isa = PBXFileReference; lastKnownFileType = sourcecode.swift; path = ArgusDiffHTMLTemplate.swift; sourceTree = "<group>"; };
		AF1749489767D34375CBDDCF /* AgentStatus.swift */ = {isa = PBXFileReference; lastKnownFileType = sourcecode.swift; path = AgentStatus.swift; sourceTree = "<group>"; };
		AF5C0E9D5F6638CD5FEFE123 /* Project.swift */ = {isa = PBXFileReference; lastKnownFileType = sourcecode.swift; path = Project.swift; sourceTree = "<group>"; };
		B01C2A9CF40C68B270ECBA48 /* ContentAreaView+SyntaxLanguage.swift */ = {isa = PBXFileReference; lastKnownFileType = sourcecode.swift; path = "ContentAreaView+SyntaxLanguage.swift"; sourceTree = "<group>"; };
		B3C30747813A8F6BAE6AB32D /* SidebarView+Projects.swift */ = {isa = PBXFileReference; lastKnownFileType = sourcecode.swift; path = "SidebarView+Projects.swift"; sourceTree = "<group>"; };
		B61F2A403CEF604900074280 /* GitPreviewServiceTests.swift */ = {isa = PBXFileReference; lastKnownFileType = sourcecode.swift; path = GitPreviewServiceTests.swift; sourceTree = "<group>"; };
		B82A11967759AA4F1B34B47C /* ContentAreaView.swift */ = {isa = PBXFileReference; lastKnownFileType = sourcecode.swift; path = ContentAreaView.swift; sourceTree = "<group>"; };
		B85B710CD787E14321AB971B /* SidebarStatePersistenceTests.swift */ = {isa = PBXFileReference; lastKnownFileType = sourcecode.swift; path = SidebarStatePersistenceTests.swift; sourceTree = "<group>"; };
		B921EB3F145DEF6CD009EAE1 /* BrowserPanelTests.swift */ = {isa = PBXFileReference; lastKnownFileType = sourcecode.swift; path = BrowserPanelTests.swift; sourceTree = "<group>"; };
		BBAD922CBF0C867C0EDB5DBD /* SidebarView+Header.swift */ = {isa = PBXFileReference; lastKnownFileType = sourcecode.swift; path = "SidebarView+Header.swift"; sourceTree = "<group>"; };
		BC0B9ECA31DC779CDC60C200 /* SidebarState.swift */ = {isa = PBXFileReference; lastKnownFileType = sourcecode.swift; path = SidebarState.swift; sourceTree = "<group>"; };
		BD50F7E8079BEC5DEA0DC523 /* ContentAreaView+FilePanel.swift */ = {isa = PBXFileReference; lastKnownFileType = sourcecode.swift; path = "ContentAreaView+FilePanel.swift"; sourceTree = "<group>"; };
		BE76A4FD14A9BD8A6859DB42 /* ArgusDiffWebViewCoordinator.swift */ = {isa = PBXFileReference; lastKnownFileType = sourcecode.swift; path = ArgusDiffWebViewCoordinator.swift; sourceTree = "<group>"; };
		BF53172B91C7A98FE555BB50 /* AgentStatusUIContractTests.swift */ = {isa = PBXFileReference; lastKnownFileType = sourcecode.swift; path = AgentStatusUIContractTests.swift; sourceTree = "<group>"; };
		C20F83AF521A162C854D1D55 /* WorkspaceManager+Navigation.swift */ = {isa = PBXFileReference; lastKnownFileType = sourcecode.swift; path = "WorkspaceManager+Navigation.swift"; sourceTree = "<group>"; };
		C46B327656627D8D71A2C84F /* Assets.xcassets */ = {isa = PBXFileReference; lastKnownFileType = folder.assetcatalog; path = Assets.xcassets; sourceTree = "<group>"; };
		CD1784EE26371C0FE0BF4A6D /* GhosttyCallbacks.swift */ = {isa = PBXFileReference; lastKnownFileType = sourcecode.swift; path = GhosttyCallbacks.swift; sourceTree = "<group>"; };
		CD6973DE1B19391C64DF8AA0 /* RightSidebarView+WorkspaceFilesViewModel.swift */ = {isa = PBXFileReference; lastKnownFileType = sourcecode.swift; path = "RightSidebarView+WorkspaceFilesViewModel.swift"; sourceTree = "<group>"; };
		D2FE31B230E300291D165856 /* GitSidebarView+Content.swift */ = {isa = PBXFileReference; lastKnownFileType = sourcecode.swift; path = "GitSidebarView+Content.swift"; sourceTree = "<group>"; };
		D3FB117AE6DF223AE2B1A0A0 /* ExistingWorktreeBranchChoiceTests.swift */ = {isa = PBXFileReference; lastKnownFileType = sourcecode.swift; path = ExistingWorktreeBranchChoiceTests.swift; sourceTree = "<group>"; };
		D6739A9DD84516F1F20ABA6B /* Workspace+Panels.swift */ = {isa = PBXFileReference; lastKnownFileType = sourcecode.swift; path = "Workspace+Panels.swift"; sourceTree = "<group>"; };
		D681607918630CD263C690CE /* ExistingBranchPickerTests.swift */ = {isa = PBXFileReference; lastKnownFileType = sourcecode.swift; path = ExistingBranchPickerTests.swift; sourceTree = "<group>"; };
		D753CE6E1FFD67B19A85930F /* SidebarLayoutTests.swift */ = {isa = PBXFileReference; lastKnownFileType = sourcecode.swift; path = SidebarLayoutTests.swift; sourceTree = "<group>"; };
		D81A0F7652F3030290E53436 /* CurrentBranchDetectionTests.swift */ = {isa = PBXFileReference; lastKnownFileType = sourcecode.swift; path = CurrentBranchDetectionTests.swift; sourceTree = "<group>"; };
		D91C4B07F7CA247F3E95F11A /* WorkspaceManager.swift */ = {isa = PBXFileReference; lastKnownFileType = sourcecode.swift; path = WorkspaceManager.swift; sourceTree = "<group>"; };
		D95862A281739942EE89A56D /* SessionReconciliationTests.swift */ = {isa = PBXFileReference; lastKnownFileType = sourcecode.swift; path = SessionReconciliationTests.swift; sourceTree = "<group>"; };
		DA7D0BBA1C3E522DF924BE31 /* BrowserPanel.swift */ = {isa = PBXFileReference; lastKnownFileType = sourcecode.swift; path = BrowserPanel.swift; sourceTree = "<group>"; };
		DC3870BE2DAE279DC4BF8974 /* WorkspaceTitleFormatter.swift */ = {isa = PBXFileReference; lastKnownFileType = sourcecode.swift; path = WorkspaceTitleFormatter.swift; sourceTree = "<group>"; };
		DEEC7DB717D1E63F5D12D2EF /* GitSidebarPlaceholder.swift */ = {isa = PBXFileReference; lastKnownFileType = sourcecode.swift; path = GitSidebarPlaceholder.swift; sourceTree = "<group>"; };
		DFE0FA88546FBFAD28E1D952 /* ProjectAndWorktreeUIContractTests.swift */ = {isa = PBXFileReference; lastKnownFileType = sourcecode.swift; path = ProjectAndWorktreeUIContractTests.swift; sourceTree = "<group>"; };
		E1902C84B53CB6CA56DE23B2 /* GhosttyApp.swift */ = {isa = PBXFileReference; lastKnownFileType = sourcecode.swift; path = GhosttyApp.swift; sourceTree = "<group>"; };
		E6D28191E019C7FB7E2AE020 /* SidebarLayout.swift */ = {isa = PBXFileReference; lastKnownFileType = sourcecode.swift; path = SidebarLayout.swift; sourceTree = "<group>"; };
		E8262E7069B94AF259CF0905 /* GitStatusViewModel+Actions.swift */ = {isa = PBXFileReference; lastKnownFileType = sourcecode.swift; path = "GitStatusViewModel+Actions.swift"; sourceTree = "<group>"; };
		E9BCAEFE4ACA1C2C2E921A6A /* WorkspaceTitleFormatterTests.swift */ = {isa = PBXFileReference; lastKnownFileType = sourcecode.swift; path = WorkspaceTitleFormatterTests.swift; sourceTree = "<group>"; };
		E9E7D7DCF97A300FE8386B3A /* GitStatusParserTests.swift */ = {isa = PBXFileReference; lastKnownFileType = sourcecode.swift; path = GitStatusParserTests.swift; sourceTree = "<group>"; };
		EAEA40E4A41292D6EBE0E95B /* GitStatusUIContractTests.swift */ = {isa = PBXFileReference; lastKnownFileType = sourcecode.swift; path = GitStatusUIContractTests.swift; sourceTree = "<group>"; };
		ED1CFB5B60DC9CCCB94CEADB /* ContentAreaView+SyntaxHighlighter.swift */ = {isa = PBXFileReference; lastKnownFileType = sourcecode.swift; path = "ContentAreaView+SyntaxHighlighter.swift"; sourceTree = "<group>"; };
		EDA50BB27255AFF560A99F86 /* LocalBranchPickerTests.swift */ = {isa = PBXFileReference; lastKnownFileType = sourcecode.swift; path = LocalBranchPickerTests.swift; sourceTree = "<group>"; };
		EF781F36ADED8076735767AF /* TerminalNSView.swift */ = {isa = PBXFileReference; lastKnownFileType = sourcecode.swift; path = TerminalNSView.swift; sourceTree = "<group>"; };
		F1DB58B67B915B98FA696DCA /* ContentAreaView+Previews.swift */ = {isa = PBXFileReference; lastKnownFileType = sourcecode.swift; path = "ContentAreaView+Previews.swift"; sourceTree = "<group>"; };
		F4CAD208D03EF627A5AADF06 /* GitStatusAutoRefreshController.swift */ = {isa = PBXFileReference; lastKnownFileType = sourcecode.swift; path = GitStatusAutoRefreshController.swift; sourceTree = "<group>"; };
		FFEDE6A5A2B6B85C812CEFAC /* SourceContract.swift */ = {isa = PBXFileReference; lastKnownFileType = sourcecode.swift; path = SourceContract.swift; sourceTree = "<group>"; };
/* End PBXFileReference section */

/* Begin PBXGroup section */
		0589F6E1A15387D609C393C2 /* TestSupport */ = {
			isa = PBXGroup;
			children = (
				FFEDE6A5A2B6B85C812CEFAC /* SourceContract.swift */,
			);
			path = TestSupport;
			sourceTree = "<group>";
		};
		061231AC08CCEFEFF787F838 /* Services */ = {
			isa = PBXGroup;
			children = (
				916EC158787B40AD0A9CC20D /* AgentStatusStore.swift */,
				4DB16A21820EB52A4A4D2ABD /* GitDiffStatParser.swift */,
				470C27E1E483568C99FF880E /* GitPreviewService.swift */,
				F4CAD208D03EF627A5AADF06 /* GitStatusAutoRefreshController.swift */,
				42040B76D2872AC71249796C /* GitStatusParser.swift */,
				16B9FAB1109B3A420ADD6DC4 /* GitStatusService.swift */,
				D91C4B07F7CA247F3E95F11A /* WorkspaceManager.swift */,
				C20F83AF521A162C854D1D55 /* WorkspaceManager+Navigation.swift */,
				9444730F6777142B0328C4AF /* WorkspaceManager+Projects.swift */,
				709721096373D93A263660AB /* WorktreeService.swift */,
				925161D329354881878FAB0E /* WorktreeService+Discovery.swift */,
				A3E1F81F2D4F0342CDD02E30 /* WorktreeService+Operations.swift */,
			);
			path = Services;
			sourceTree = "<group>";
		};
		093DB2EEF3C9C140E7F21D78 /* Content */ = {
			isa = PBXGroup;
			children = (
				B82A11967759AA4F1B34B47C /* ContentAreaView.swift */,
				BD50F7E8079BEC5DEA0DC523 /* ContentAreaView+FilePanel.swift */,
				6E54D933E45F24687492BD0F /* ContentAreaView+MarkdownRenderer.swift */,
				F1DB58B67B915B98FA696DCA /* ContentAreaView+Previews.swift */,
				ED1CFB5B60DC9CCCB94CEADB /* ContentAreaView+SyntaxHighlighter.swift */,
				B01C2A9CF40C68B270ECBA48 /* ContentAreaView+SyntaxLanguage.swift */,
				DEEC7DB717D1E63F5D12D2EF /* GitSidebarPlaceholder.swift */,
				29E4A93EB538D6AE1F188805 /* TabBarView.swift */,
			);
			path = Content;
			sourceTree = "<group>";
		};
		189BC93B4D0838FFEB42D693 /* Titlebar */ = {
			isa = PBXGroup;
			children = (
				5B4D60E83B20F24AA92F8F19 /* TitlebarView.swift */,
			);
			path = Titlebar;
			sourceTree = "<group>";
		};
		19671693BEDE8C8CB52914ED /* AgentStatusTests */ = {
			isa = PBXGroup;
			children = (
				7A63FF7DA0FD201FB28190CA /* AgentStatusStoreTests.swift */,
				BF53172B91C7A98FE555BB50 /* AgentStatusUIContractTests.swift */,
			);
			path = AgentStatusTests;
			sourceTree = "<group>";
		};
		234C02C2B7CA13C56AF9B10C /* WorkspaceTests */ = {
			isa = PBXGroup;
			children = (
				D753CE6E1FFD67B19A85930F /* SidebarLayoutTests.swift */,
				B85B710CD787E14321AB971B /* SidebarStatePersistenceTests.swift */,
				E9BCAEFE4ACA1C2C2E921A6A /* WorkspaceTitleFormatterTests.swift */,
				36AB7BEA90617BC349DB39F2 /* WorkspaceUIContractTests.swift */,
			);
			path = WorkspaceTests;
			sourceTree = "<group>";
		};
		2712C23DDD306584A3E3FE64 /* Resources */ = {
			isa = PBXGroup;
			children = (
				86D4D33D9C23D6FB3D01EA36 /* Argus-Bridging-Header.h */,
				C46B327656627D8D71A2C84F /* Assets.xcassets */,
				673F5E881AC0083D421778FD /* pierre-diffs-bundle.js */,
			);
			path = Resources;
			sourceTree = "<group>";
		};
		325E76CB57DF9FB54CCFB2D9 = {
			isa = PBXGroup;
			children = (
				5EBA3B7DBE997BEE1E0BC4D6 /* Argus */,
				FF1EA9BFA94072E6B134224B /* Tests */,
				47BC0BB82D5E0F1DEC663EAD /* Products */,
			);
			sourceTree = "<group>";
		};
		3C4D6F0861163112D2366F61 /* Dialogs */ = {
			isa = PBXGroup;
			children = (
				704AC69ACE9114900992E244 /* NewProjectSheet.swift */,
				8C01FB15CE585853A5C6581E /* NewWorkspaceSheet.swift */,
				4FA4A99862B8FD090D3E03DF /* OrphanedWorktreesSheet.swift */,
			);
			path = Dialogs;
			sourceTree = "<group>";
		};
		3D941654DC03361D12ECA34D /* WorktreeTests */ = {
			isa = PBXGroup;
			children = (
				5F828578257356A65F90D274 /* BranchAvailabilityTests.swift */,
				D81A0F7652F3030290E53436 /* CurrentBranchDetectionTests.swift */,
				D681607918630CD263C690CE /* ExistingBranchPickerTests.swift */,
				9C0107B8A19AEA8B1CDB683C /* ExistingBranchWorktreeTests.swift */,
				D3FB117AE6DF223AE2B1A0A0 /* ExistingWorktreeBranchChoiceTests.swift */,
				EDA50BB27255AFF560A99F86 /* LocalBranchPickerTests.swift */,
				DFE0FA88546FBFAD28E1D952 /* ProjectAndWorktreeUIContractTests.swift */,
				0A0B59D2D5F42C91DCDAECE1 /* RepositoryRootNormalizationTests.swift */,
				93BB47420C5E72E32FA26F97 /* WorktreeBranchUniquenessTests.swift */,
			);
			path = WorktreeTests;
			sourceTree = "<group>";
		};
		47BC0BB82D5E0F1DEC663EAD /* Products */ = {
			isa = PBXGroup;
			children = (
				993038FF837D5E46395CF754 /* Argus.app */,
				240114454020A167A4D5C6A4 /* ArgusTests.xctest */,
			);
			name = Products;
			sourceTree = "<group>";
		};
		598F65DDB5FF917F250CA120 /* Sidebar */ = {
			isa = PBXGroup;
			children = (
				5B15831275B325CA2E8A4D69 /* SidebarDivider.swift */,
				E6D28191E019C7FB7E2AE020 /* SidebarLayout.swift */,
				BC0B9ECA31DC779CDC60C200 /* SidebarState.swift */,
				1A268687E6FB693A77166E11 /* SidebarView.swift */,
				BBAD922CBF0C867C0EDB5DBD /* SidebarView+Header.swift */,
				B3C30747813A8F6BAE6AB32D /* SidebarView+Projects.swift */,
				43C13DEF648882C5B548B61E /* SidebarView+VisualEffect.swift */,
				352F64861AA2C2C5F68D7F07 /* SidebarView+WorkspaceRow.swift */,
			);
			path = Sidebar;
			sourceTree = "<group>";
		};
		5A9A933A49AF33D015325453 /* GitStatusTests */ = {
			isa = PBXGroup;
			children = (
				75E5C691A8EE5685548AEBE8 /* ArgusDiffRenderingTests.swift */,
				31F5743E7A55EE9FBC908770 /* GitDiffStatParserTests.swift */,
				3D74EFE13FBE5E49414DB592 /* GitPreviewPanelTests.swift */,
				B61F2A403CEF604900074280 /* GitPreviewServiceTests.swift */,
				7D08217127D0DB6ED44164BD /* GitStatusAutoRefreshTests.swift */,
				E9E7D7DCF97A300FE8386B3A /* GitStatusParserTests.swift */,
				6B72A806CCA50285C46D5FF9 /* GitStatusRootResolverTests.swift */,
				765F5DFD4CF9D655D663E212 /* GitStatusServiceTests.swift */,
				EAEA40E4A41292D6EBE0E95B /* GitStatusUIContractTests.swift */,
				51F91E726725C5D06375AA8E /* GitStatusViewModelTests.swift */,
				9A24DE4AA9295D21C06F5C39 /* TitlebarGitContextFormatterTests.swift */,
				9E5DA20601C0F85B1927FF74 /* TitlebarGitStatusViewModelTests.swift */,
			);
			path = GitStatusTests;
			sourceTree = "<group>";
		};
		5B8768D3865D39498AE00F20 /* GitSidebar */ = {
			isa = PBXGroup;
			children = (
				4C1ED524D3519A8D6A0A46D0 /* GitFileStatusStyle.swift */,
				85FE34D951D91C6D8B321B40 /* GitPreviewPanel.swift */,
				2BC41CF5BFC955D50F929F5A /* GitSidebarView.swift */,
				D2FE31B230E300291D165856 /* GitSidebarView+Content.swift */,
				8C754D8247CA7B2E66E7545A /* GitSidebarView+RowsAndOperations.swift */,
				39B7F4539F94C01EAA98ADC9 /* GitSidebarView+Sections.swift */,
				4B65BCC437F1421231D69ACC /* GitStatusViewModel.swift */,
				E8262E7069B94AF259CF0905 /* GitStatusViewModel+Actions.swift */,
				6DE597954219DB5FD5F02E2E /* RightSidebarView.swift */,
				3A5341177B2D47B156B6A161 /* RightSidebarView+WorkspaceFileModels.swift */,
				5A7DCFCA3143FA38266A9C08 /* RightSidebarView+WorkspaceFilesActions.swift */,
				60943ED18C50AF13F94B9691 /* RightSidebarView+WorkspaceFilesRows.swift */,
				67B95D53AE677C0805034EBA /* RightSidebarView+WorkspaceFilesView.swift */,
				CD6973DE1B19391C64DF8AA0 /* RightSidebarView+WorkspaceFilesViewModel.swift */,
				67E97A521D4EE12B47A3FEF7 /* RightSidebarView+WorkspaceFileTree.swift */,
			);
			path = GitSidebar;
			sourceTree = "<group>";
		};
		5EBA3B7DBE997BEE1E0BC4D6 /* Argus */ = {
			isa = PBXGroup;
			children = (
				C6DB148AAFCDFCDA89FF048B /* App */,
				E5807BC3B490838812E48F72 /* Browser */,
				7DD632E6ABDB2D5A6202B887 /* DiffRendering */,
				AF471715D166EF51AE46868F /* Ghostty */,
				CC6D83B5411485CCF6AA5211 /* Models */,
				2712C23DDD306584A3E3FE64 /* Resources */,
				061231AC08CCEFEFF787F838 /* Services */,
				93BAB8A8D25F41D7072B4882 /* Views */,
			);
			path = Argus;
			sourceTree = "<group>";
		};
		7DD632E6ABDB2D5A6202B887 /* DiffRendering */ = {
			isa = PBXGroup;
			children = (
				A5D03CF9AE8CC60343A9BE16 /* ArgusDiffHTMLTemplate.swift */,
				1645605131C8A8280C0D73CC /* ArgusDiffInput.swift */,
				71046139E7FD2CB143551E37 /* ArgusDiffView.swift */,
				BE76A4FD14A9BD8A6859DB42 /* ArgusDiffWebViewCoordinator.swift */,
			);
			path = DiffRendering;
			sourceTree = "<group>";
		};
		8C7BD9172011E305ED604B71 /* SessionTests */ = {
			isa = PBXGroup;
			children = (
				D95862A281739942EE89A56D /* SessionReconciliationTests.swift */,
				0EA813F930B12FDBB09C67C8 /* SessionSnapshotTests.swift */,
				3194FA21992F916DD0D62855 /* TerminalDirectorySnapshotTests.swift */,
			);
			path = SessionTests;
			sourceTree = "<group>";
		};
		93BAB8A8D25F41D7072B4882 /* Views */ = {
			isa = PBXGroup;
			children = (
				4F4253A4E13FA79C8E83E7C1 /* ChromeColors.swift */,
				172F49E4DC138F5AEEE1E515 /* MainWindowView.swift */,
				093DB2EEF3C9C140E7F21D78 /* Content */,
				3C4D6F0861163112D2366F61 /* Dialogs */,
				5B8768D3865D39498AE00F20 /* GitSidebar */,
				598F65DDB5FF917F250CA120 /* Sidebar */,
				189BC93B4D0838FFEB42D693 /* Titlebar */,
			);
			path = Views;
			sourceTree = "<group>";
		};
		AF471715D166EF51AE46868F /* Ghostty */ = {
			isa = PBXGroup;
			children = (
				E1902C84B53CB6CA56DE23B2 /* GhosttyApp.swift */,
				CD1784EE26371C0FE0BF4A6D /* GhosttyCallbacks.swift */,
				93A28C47CFFC35C8515E0B8F /* GhosttyConfig.swift */,
				6AAE1F6D2D88EDCBC72EA3AF /* GhosttyInput.swift */,
				EF781F36ADED8076735767AF /* TerminalNSView.swift */,
				24CFEA98D48AB58A04B6D707 /* TerminalNSViewSupport.swift */,
				A0DE49DF785BEEBDEBA739E8 /* TerminalSurface.swift */,
				2A66AF57A5A40B3722A56592 /* TerminalView.swift */,
			);
			path = Ghostty;
			sourceTree = "<group>";
		};
		C6DB148AAFCDFCDA89FF048B /* App */ = {
			isa = PBXGroup;
			children = (
				766D499B513D46D821809F08 /* AppDelegate.swift */,
				10818EB6FE9BF83CFC040732 /* ArgusApp.swift */,
			);
			path = App;
			sourceTree = "<group>";
		};
		C712DC7C337553C36221E9E1 /* BrowserTests */ = {
			isa = PBXGroup;
			children = (
				B921EB3F145DEF6CD009EAE1 /* BrowserPanelTests.swift */,
				A04D862809818007329A335B /* BrowserPanelUIContractTests.swift */,
			);
			path = BrowserTests;
			sourceTree = "<group>";
		};
		CC6D83B5411485CCF6AA5211 /* Models */ = {
			isa = PBXGroup;
			children = (
				AF1749489767D34375CBDDCF /* AgentStatus.swift */,
				DA7D0BBA1C3E522DF924BE31 /* BrowserPanel.swift */,
				564CED7FFF04C34E03455980 /* GitStatus.swift */,
				7E5CB1EAA0A66B7411EB8C71 /* Panel.swift */,
				AF5C0E9D5F6638CD5FEFE123 /* Project.swift */,
				088F13043584037475E77D04 /* SessionSnapshot.swift */,
				2C6799AE81C5533761C5D201 /* TerminalPanel.swift */,
				4EA1923AE8EFCF89F42CB0AC /* Workspace.swift */,
				D6739A9DD84516F1F20ABA6B /* Workspace+Panels.swift */,
				DC3870BE2DAE279DC4BF8974 /* WorkspaceTitleFormatter.swift */,
			);
			path = Models;
			sourceTree = "<group>";
		};
		E5807BC3B490838812E48F72 /* Browser */ = {
			isa = PBXGroup;
			children = (
				4522B14CD49E7A2F3CC4AD86 /* BrowserView.swift */,
			);
			path = Browser;
			sourceTree = "<group>";
		};
		FF1EA9BFA94072E6B134224B /* Tests */ = {
			isa = PBXGroup;
			children = (
				19671693BEDE8C8CB52914ED /* AgentStatusTests */,
				C712DC7C337553C36221E9E1 /* BrowserTests */,
				5A9A933A49AF33D015325453 /* GitStatusTests */,
				8C7BD9172011E305ED604B71 /* SessionTests */,
				0589F6E1A15387D609C393C2 /* TestSupport */,
				234C02C2B7CA13C56AF9B10C /* WorkspaceTests */,
				3D941654DC03361D12ECA34D /* WorktreeTests */,
			);
			path = Tests;
			sourceTree = "<group>";
		};
/* End PBXGroup section */

/* Begin PBXNativeTarget section */
		002B50BE8863B8871A1A0A2C /* Argus */ = {
			isa = PBXNativeTarget;
			buildConfigurationList = FF0C19A31823396699079CE5 /* Build configuration list for PBXNativeTarget "Argus" */;
			buildPhases = (
				004BE561CD917026C622A9E8 /* Sources */,
				5538503E25796E8F402C665E /* Resources */,
			);
			buildRules = (
			);
			dependencies = (
			);
			name = Argus;
			packageProductDependencies = (
			);
			productName = Argus;
			productReference = 993038FF837D5E46395CF754 /* Argus.app */;
			productType = "com.apple.product-type.application";
		};
		7018B6232434537CE0537423 /* ArgusTests */ = {
			isa = PBXNativeTarget;
			buildConfigurationList = 3699B055297D7AF9F565A4AF /* Build configuration list for PBXNativeTarget "ArgusTests" */;
			buildPhases = (
				91DA4C143CDB1B8B66F5218F /* Sources */,
			);
			buildRules = (
			);
			dependencies = (
				4CB5D5DE75D0B272299F3DB1 /* PBXTargetDependency */,
			);
			name = ArgusTests;
			packageProductDependencies = (
			);
			productName = ArgusTests;
			productReference = 240114454020A167A4D5C6A4 /* ArgusTests.xctest */;
			productType = "com.apple.product-type.bundle.unit-test";
		};
/* End PBXNativeTarget section */

/* Begin PBXProject section */
		7317CB3691AAD002D5B8FA9F /* Project object */ = {
			isa = PBXProject;
			attributes = {
				BuildIndependentTargetsInParallel = YES;
				LastUpgradeCheck = 1600;
				TargetAttributes = {
					002B50BE8863B8871A1A0A2C = {
						ProvisioningStyle = Manual;
					};
				};
			};
			buildConfigurationList = 3B224A7D049AF079B1F594AC /* Build configuration list for PBXProject "Argus" */;
			developmentRegion = en;
			hasScannedForEncodings = 0;
			knownRegions = (
				Base,
				en,
			);
			mainGroup = 325E76CB57DF9FB54CCFB2D9;
			minimizedProjectReferenceProxies = 1;
			preferredProjectObjectVersion = 77;
			productRefGroup = 47BC0BB82D5E0F1DEC663EAD /* Products */;
			projectDirPath = "";
			projectRoot = "";
			targets = (
				002B50BE8863B8871A1A0A2C /* Argus */,
				7018B6232434537CE0537423 /* ArgusTests */,
			);
		};
/* End PBXProject section */

/* Begin PBXResourcesBuildPhase section */
		5538503E25796E8F402C665E /* Resources */ = {
			isa = PBXResourcesBuildPhase;
			buildActionMask = 2147483647;
			files = (
				D35C1A0AE42B8588626875B1 /* Assets.xcassets in Resources */,
				D76A28B8605DADFD16E997BC /* pierre-diffs-bundle.js in Resources */,
			);
			runOnlyForDeploymentPostprocessing = 0;
		};
/* End PBXResourcesBuildPhase section */

/* Begin PBXSourcesBuildPhase section */
		004BE561CD917026C622A9E8 /* Sources */ = {
			isa = PBXSourcesBuildPhase;
			buildActionMask = 2147483647;
			files = (
				946582F28CCD417A6C8F33F3 /* AgentStatus.swift in Sources */,
				FFBDCD8429853973D6C39753 /* AgentStatusStore.swift in Sources */,
				297F533A5D3B631440E29B44 /* AppDelegate.swift in Sources */,
				50F6B25472890B2CE7A86800 /* ArgusApp.swift in Sources */,
				871E8DB039626348E04BBB45 /* ArgusDiffHTMLTemplate.swift in Sources */,
				30CB5BDF7A31DE52A0BA63D8 /* ArgusDiffInput.swift in Sources */,
				934A5237A84E1FFF6CE0571D /* ArgusDiffView.swift in Sources */,
				23C029B466A4916F25527967 /* ArgusDiffWebViewCoordinator.swift in Sources */,
				BF2202FFE0CAFA09111B2127 /* BrowserPanel.swift in Sources */,
				780958478201BE29D14FDE1D /* BrowserView.swift in Sources */,
				9BFCE5E9F8D561CAA0CA6E19 /* ChromeColors.swift in Sources */,
				0A3E6960DEB14D2769E4775A /* ContentAreaView+FilePanel.swift in Sources */,
				6931D0DEA3B30E42F90CD235 /* ContentAreaView+MarkdownRenderer.swift in Sources */,
				CB815ACD4857FE48C686047C /* ContentAreaView+Previews.swift in Sources */,
				5CA8BA83FC424DB7E9538E28 /* ContentAreaView+SyntaxHighlighter.swift in Sources */,
				1BE0A59ABAB4B201B36ADB61 /* ContentAreaView+SyntaxLanguage.swift in Sources */,
				2BE9A99F5027BA3CF54496D9 /* ContentAreaView.swift in Sources */,
				CD3A7008FD8EA79C557C634C /* GhosttyApp.swift in Sources */,
				6ACDF998D304D03C52DE5241 /* GhosttyCallbacks.swift in Sources */,
				E4830742CCBF697A5503CDFB /* GhosttyConfig.swift in Sources */,
				CCBA30F3C0A6DB329DE695B2 /* GhosttyInput.swift in Sources */,
				6A070C166FF0C9361AE775B5 /* GitDiffStatParser.swift in Sources */,
				EAB3343A6EE57205E148A50E /* GitFileStatusStyle.swift in Sources */,
				9922D80421D39D138E2E720C /* GitPreviewPanel.swift in Sources */,
				AEE3EB622810DCECC32D71FD /* GitPreviewService.swift in Sources */,
				18CB9A2225E3B84398CD6CC0 /* GitSidebarPlaceholder.swift in Sources */,
				46F58C605F00F868BAC204A0 /* GitSidebarView+Content.swift in Sources */,
				9A2F8235FB0F7ABE0FED56D9 /* GitSidebarView+RowsAndOperations.swift in Sources */,
				DF5782CB9AA7E014F6F68AC4 /* GitSidebarView+Sections.swift in Sources */,
				760E71483559B9C4814A3C55 /* GitSidebarView.swift in Sources */,
				CEF870EB346EBD44B4FE2FB4 /* GitStatus.swift in Sources */,
				48E62BE8320ACBDE490E28A2 /* GitStatusAutoRefreshController.swift in Sources */,
				CB02BAC29DD3DD12EE0AF3FE /* GitStatusParser.swift in Sources */,
				DF61F03B0291C4801D0BA0FF /* GitStatusService.swift in Sources */,
				D5CC9F277D7D725722527A4D /* GitStatusViewModel+Actions.swift in Sources */,
				84E9D9C430F370DBA6BC8373 /* GitStatusViewModel.swift in Sources */,
				2401E44539747B1C9FDBC5E9 /* MainWindowView.swift in Sources */,
				E3FCCA98DDAA416589EF30A8 /* NewProjectSheet.swift in Sources */,
				4B7BD698C037E123F109CA97 /* NewWorkspaceSheet.swift in Sources */,
				92C213F4093831E8F18EAD07 /* OrphanedWorktreesSheet.swift in Sources */,
				EF04235849461CCB3B6C16E5 /* Panel.swift in Sources */,
				0B8AAB5E791399EA83F83F18 /* Project.swift in Sources */,
				119DE14EA5609D09869E6820 /* RightSidebarView+WorkspaceFileModels.swift in Sources */,
				9092C8AB076AD8FC641588B2 /* RightSidebarView+WorkspaceFileTree.swift in Sources */,
				BDC7BC7F2CBFED6BA6D6548A /* RightSidebarView+WorkspaceFilesActions.swift in Sources */,
				D4896009B04CCC4154BC4CA3 /* RightSidebarView+WorkspaceFilesRows.swift in Sources */,
				53DAA267643538C145ADEE37 /* RightSidebarView+WorkspaceFilesView.swift in Sources */,
				87493FA1AF978AF6E9AFD2ED /* RightSidebarView+WorkspaceFilesViewModel.swift in Sources */,
				DE064802D532B067D46A9753 /* RightSidebarView.swift in Sources */,
				CABB52CC6A3EC4A1CC25627C /* SessionSnapshot.swift in Sources */,
				F7B2935F162B1E42E5035113 /* SidebarDivider.swift in Sources */,
				DC862B0710F0629EAB8BDF7A /* SidebarLayout.swift in Sources */,
				12D7A8C68E6686B8EB0BF266 /* SidebarState.swift in Sources */,
				84AFCD154E69A6433732EBA7 /* SidebarView+Header.swift in Sources */,
				2CC89F9CEA4C597D5E8B4E47 /* SidebarView+Projects.swift in Sources */,
				FEB6FAD07472E1F969768EDE /* SidebarView+VisualEffect.swift in Sources */,
				8636CC81DDF11A64370CCE10 /* SidebarView+WorkspaceRow.swift in Sources */,
				01330EDDF1BD8FFBBA86E045 /* SidebarView.swift in Sources */,
				6A4C05C340641327AC48E31D /* TabBarView.swift in Sources */,
				731C90BF98E20510EDF3C7AB /* TerminalNSView.swift in Sources */,
				19931B12DE9DC4CF1FAE8180 /* TerminalNSViewSupport.swift in Sources */,
				FB0D3C8AFA0194B780E21889 /* TerminalPanel.swift in Sources */,
				C5034845ED2A4C411E1AA5EA /* TerminalSurface.swift in Sources */,
				CA9E20D4B9631A1BD8BA796C /* TerminalView.swift in Sources */,
				70A03FBF810E62C0614FDCE9 /* TitlebarView.swift in Sources */,
				5833B09BEC6F2B997D15F4BF /* Workspace+Panels.swift in Sources */,
				7881D1501D4005FC0371E618 /* Workspace.swift in Sources */,
				77FD46F97F5A4D65CB9B0FED /* WorkspaceManager+Navigation.swift in Sources */,
				7D8EED9F1473ED9C8C39AB19 /* WorkspaceManager+Projects.swift in Sources */,
				6F37A27F399CF7C90403678B /* WorkspaceManager.swift in Sources */,
				250B3D2B9ACACC6A9F9C1B12 /* WorkspaceTitleFormatter.swift in Sources */,
				88BC7D1396D8D58FE838DAAC /* WorktreeService+Discovery.swift in Sources */,
				9124A35C7B7C12817343252E /* WorktreeService+Operations.swift in Sources */,
				0005F1BE34EC7C0DA1814AFC /* WorktreeService.swift in Sources */,
			);
			runOnlyForDeploymentPostprocessing = 0;
		};
		91DA4C143CDB1B8B66F5218F /* Sources */ = {
			isa = PBXSourcesBuildPhase;
			buildActionMask = 2147483647;
			files = (
				8BE566ED8CA78019794102A0 /* AgentStatusStoreTests.swift in Sources */,
				1C9D29E73850C1E987EA7691 /* AgentStatusUIContractTests.swift in Sources */,
				C2E5687B5858D87FC40BAA9E /* ArgusDiffRenderingTests.swift in Sources */,
				D8D1DE19F62552C5501E47BD /* BranchAvailabilityTests.swift in Sources */,
				813D2763BDCAD2DEB3EEADF0 /* BrowserPanelTests.swift in Sources */,
				5A59FFC0BA2E3DDE375850FB /* BrowserPanelUIContractTests.swift in Sources */,
				9610F68F0273C22A7C5BA20B /* CurrentBranchDetectionTests.swift in Sources */,
				344B25CC7C2ADD72466CD792 /* ExistingBranchPickerTests.swift in Sources */,
				F46179E18E48775C783E104A /* ExistingBranchWorktreeTests.swift in Sources */,
				5B4BB7179424815BEF595AF7 /* ExistingWorktreeBranchChoiceTests.swift in Sources */,
				0E12DBED45B56CCE6139ADA2 /* GitDiffStatParserTests.swift in Sources */,
				15DFA75952566E938AECED46 /* GitPreviewPanelTests.swift in Sources */,
				5974AE95C0C64669D0C96C1E /* GitPreviewServiceTests.swift in Sources */,
				0372E54756482C36712CCD55 /* GitStatusAutoRefreshTests.swift in Sources */,
				395203F465B0D6EDBD1BC9E3 /* GitStatusParserTests.swift in Sources */,
				9679B7D72B5B733E06616895 /* GitStatusRootResolverTests.swift in Sources */,
				266AC714DABCBEEC0C9B1F0A /* GitStatusServiceTests.swift in Sources */,
				260C169969B555F7E7CCAD81 /* GitStatusUIContractTests.swift in Sources */,
				542AA4D2D6CA471D8BB5AC79 /* GitStatusViewModelTests.swift in Sources */,
				06D940FC58CFA264CECE7332 /* LocalBranchPickerTests.swift in Sources */,
				99AE3FC1AB4F412A618B127C /* ProjectAndWorktreeUIContractTests.swift in Sources */,
				AB121FB0384DC0B18B8FDC43 /* RepositoryRootNormalizationTests.swift in Sources */,
				A0C1428612E01868D6B2BD69 /* SessionReconciliationTests.swift in Sources */,
				EE31F58DE3DF374DB8E6C07E /* SessionSnapshotTests.swift in Sources */,
				E20DFC66EAE40A5C68EC4F09 /* SidebarLayoutTests.swift in Sources */,
				B87E14DF8A9A133F597BC3E9 /* SidebarStatePersistenceTests.swift in Sources */,
				04DCE84FEB30B0CE57BD6213 /* SourceContract.swift in Sources */,
				4D1C3908D831F340E8ACEED0 /* TerminalDirectorySnapshotTests.swift in Sources */,
				8F194E2E27E6DCE202387006 /* TitlebarGitContextFormatterTests.swift in Sources */,
				DDE4A691BA635A503F286FEF /* TitlebarGitStatusViewModelTests.swift in Sources */,
				A65C95F2982AA18D7D80D785 /* WorkspaceTitleFormatterTests.swift in Sources */,
				19F52C9DA9B94C0CB6CBAA7C /* WorkspaceUIContractTests.swift in Sources */,
				1E8DB0ADCCBD53DF40A36B88 /* WorktreeBranchUniquenessTests.swift in Sources */,
			);
			runOnlyForDeploymentPostprocessing = 0;
		};
/* End PBXSourcesBuildPhase section */

/* Begin PBXTargetDependency section */
		4CB5D5DE75D0B272299F3DB1 /* PBXTargetDependency */ = {
			isa = PBXTargetDependency;
			target = 002B50BE8863B8871A1A0A2C /* Argus */;
			targetProxy = 9A697D2E46DFA1946C49CE17 /* PBXContainerItemProxy */;
		};
/* End PBXTargetDependency section */

/* Begin XCBuildConfiguration section */
		55EDABAF78678A396082F14B /* Debug */ = {
			isa = XCBuildConfiguration;
			buildSettings = {
				BUNDLE_LOADER = "$(TEST_HOST)";
				COMBINE_HIDPI_IMAGES = YES;
				GENERATE_INFOPLIST_FILE = YES;
				HEADER_SEARCH_PATHS = (
					"$(PROJECT_DIR)/Frameworks/GhosttyKit.xcframework/macos-arm64_x86_64/Headers",
				);
				LD_RUNPATH_SEARCH_PATHS = (
					"$(inherited)",
					"@executable_path/../Frameworks",
					"@loader_path/../Frameworks",
				);
				PRODUCT_BUNDLE_IDENTIFIER = com.argus.tests;
				SDKROOT = macosx;
				TEST_HOST = "$(BUILT_PRODUCTS_DIR)/Argus.app/Contents/MacOS/Argus";
			};
			name = Debug;
		};
		817E98607284AC7FDD69D7AF /* Debug */ = {
			isa = XCBuildConfiguration;
			buildSettings = {
				ALWAYS_SEARCH_USER_PATHS = NO;
				CLANG_ANALYZER_NONNULL = YES;
				CLANG_ANALYZER_NUMBER_OBJECT_CONVERSION = YES_AGGRESSIVE;
				CLANG_CXX_LANGUAGE_STANDARD = "gnu++14";
				CLANG_CXX_LIBRARY = "libc++";
				CLANG_ENABLE_MODULES = YES;
				CLANG_ENABLE_OBJC_ARC = YES;
				CLANG_ENABLE_OBJC_WEAK = YES;
				CLANG_WARN_BLOCK_CAPTURE_AUTORELEASING = YES;
				CLANG_WARN_BOOL_CONVERSION = YES;
				CLANG_WARN_COMMA = YES;
				CLANG_WARN_CONSTANT_CONVERSION = YES;
				CLANG_WARN_DEPRECATED_OBJC_IMPLEMENTATIONS = YES;
				CLANG_WARN_DIRECT_OBJC_ISA_USAGE = YES_ERROR;
				CLANG_WARN_DOCUMENTATION_COMMENTS = YES;
				CLANG_WARN_EMPTY_BODY = YES;
				CLANG_WARN_ENUM_CONVERSION = YES;
				CLANG_WARN_INFINITE_RECURSION = YES;
				CLANG_WARN_INT_CONVERSION = YES;
				CLANG_WARN_NON_LITERAL_NULL_CONVERSION = YES;
				CLANG_WARN_OBJC_IMPLICIT_RETAIN_SELF = YES;
				CLANG_WARN_OBJC_LITERAL_CONVERSION = YES;
				CLANG_WARN_OBJC_ROOT_CLASS = YES_ERROR;
				CLANG_WARN_QUOTED_INCLUDE_IN_FRAMEWORK_HEADER = YES;
				CLANG_WARN_RANGE_LOOP_ANALYSIS = YES;
				CLANG_WARN_STRICT_PROTOTYPES = YES;
				CLANG_WARN_SUSPICIOUS_MOVE = YES;
				CLANG_WARN_UNGUARDED_AVAILABILITY = YES_AGGRESSIVE;
				CLANG_WARN_UNREACHABLE_CODE = YES;
				CLANG_WARN__DUPLICATE_METHOD_MATCH = YES;
				COPY_PHASE_STRIP = NO;
				DEBUG_INFORMATION_FORMAT = dwarf;
				ENABLE_STRICT_OBJC_MSGSEND = YES;
				ENABLE_TESTABILITY = YES;
				ENABLE_USER_SCRIPT_SANDBOXING = NO;
				GCC_C_LANGUAGE_STANDARD = gnu11;
				GCC_DYNAMIC_NO_PIC = NO;
				GCC_NO_COMMON_BLOCKS = YES;
				GCC_OPTIMIZATION_LEVEL = 0;
				GCC_PREPROCESSOR_DEFINITIONS = (
					"$(inherited)",
					"DEBUG=1",
				);
				GCC_WARN_64_TO_32_BIT_CONVERSION = YES;
				GCC_WARN_ABOUT_RETURN_TYPE = YES_ERROR;
				GCC_WARN_UNDECLARED_SELECTOR = YES;
				GCC_WARN_UNINITIALIZED_AUTOS = YES_AGGRESSIVE;
				GCC_WARN_UNUSED_FUNCTION = YES;
				GCC_WARN_UNUSED_VARIABLE = YES;
				MACOSX_DEPLOYMENT_TARGET = 14.0;
				MTL_ENABLE_DEBUG_INFO = INCLUDE_SOURCE;
				MTL_FAST_MATH = YES;
				ONLY_ACTIVE_ARCH = YES;
				PRODUCT_NAME = "$(TARGET_NAME)";
				SDKROOT = macosx;
				SWIFT_ACTIVE_COMPILATION_CONDITIONS = DEBUG;
				SWIFT_OPTIMIZATION_LEVEL = "-Onone";
				SWIFT_VERSION = 6.0;
			};
			name = Debug;
		};
		8F1EEB092C4B331A73785B3A /* Release */ = {
			isa = XCBuildConfiguration;
			buildSettings = {
				ALWAYS_SEARCH_USER_PATHS = NO;
				CLANG_ANALYZER_NONNULL = YES;
				CLANG_ANALYZER_NUMBER_OBJECT_CONVERSION = YES_AGGRESSIVE;
				CLANG_CXX_LANGUAGE_STANDARD = "gnu++14";
				CLANG_CXX_LIBRARY = "libc++";
				CLANG_ENABLE_MODULES = YES;
				CLANG_ENABLE_OBJC_ARC = YES;
				CLANG_ENABLE_OBJC_WEAK = YES;
				CLANG_WARN_BLOCK_CAPTURE_AUTORELEASING = YES;
				CLANG_WARN_BOOL_CONVERSION = YES;
				CLANG_WARN_COMMA = YES;
				CLANG_WARN_CONSTANT_CONVERSION = YES;
				CLANG_WARN_DEPRECATED_OBJC_IMPLEMENTATIONS = YES;
				CLANG_WARN_DIRECT_OBJC_ISA_USAGE = YES_ERROR;
				CLANG_WARN_DOCUMENTATION_COMMENTS = YES;
				CLANG_WARN_EMPTY_BODY = YES;
				CLANG_WARN_ENUM_CONVERSION = YES;
				CLANG_WARN_INFINITE_RECURSION = YES;
				CLANG_WARN_INT_CONVERSION = YES;
				CLANG_WARN_NON_LITERAL_NULL_CONVERSION = YES;
				CLANG_WARN_OBJC_IMPLICIT_RETAIN_SELF = YES;
				CLANG_WARN_OBJC_LITERAL_CONVERSION = YES;
				CLANG_WARN_OBJC_ROOT_CLASS = YES_ERROR;
				CLANG_WARN_QUOTED_INCLUDE_IN_FRAMEWORK_HEADER = YES;
				CLANG_WARN_RANGE_LOOP_ANALYSIS = YES;
				CLANG_WARN_STRICT_PROTOTYPES = YES;
				CLANG_WARN_SUSPICIOUS_MOVE = YES;
				CLANG_WARN_UNGUARDED_AVAILABILITY = YES_AGGRESSIVE;
				CLANG_WARN_UNREACHABLE_CODE = YES;
				CLANG_WARN__DUPLICATE_METHOD_MATCH = YES;
				COPY_PHASE_STRIP = NO;
				DEBUG_INFORMATION_FORMAT = "dwarf-with-dsym";
				ENABLE_NS_ASSERTIONS = NO;
				ENABLE_STRICT_OBJC_MSGSEND = YES;
				ENABLE_USER_SCRIPT_SANDBOXING = NO;
				GCC_C_LANGUAGE_STANDARD = gnu11;
				GCC_NO_COMMON_BLOCKS = YES;
				GCC_WARN_64_TO_32_BIT_CONVERSION = YES;
				GCC_WARN_ABOUT_RETURN_TYPE = YES_ERROR;
				GCC_WARN_UNDECLARED_SELECTOR = YES;
				GCC_WARN_UNINITIALIZED_AUTOS = YES_AGGRESSIVE;
				GCC_WARN_UNUSED_FUNCTION = YES;
				GCC_WARN_UNUSED_VARIABLE = YES;
				MACOSX_DEPLOYMENT_TARGET = 14.0;
				MTL_ENABLE_DEBUG_INFO = NO;
				MTL_FAST_MATH = YES;
				PRODUCT_NAME = "$(TARGET_NAME)";
				SDKROOT = macosx;
				SWIFT_COMPILATION_MODE = wholemodule;
				SWIFT_OPTIMIZATION_LEVEL = "-O";
				SWIFT_VERSION = 6.0;
			};
			name = Release;
		};
		8F63EB8A1C83C7D68A1F74D4 /* Release */ = {
			isa = XCBuildConfiguration;
			buildSettings = {
				ASSETCATALOG_COMPILER_APPICON_NAME = AppIcon;
				CODE_SIGN_IDENTITY = "-";
				CODE_SIGN_STYLE = Manual;
				COMBINE_HIDPI_IMAGES = YES;
				CURRENT_PROJECT_VERSION = 1;
				ENABLE_HARDENED_RUNTIME = YES;
				FRAMEWORK_SEARCH_PATHS = (
					"$(PROJECT_DIR)/Frameworks",
				);
				GENERATE_INFOPLIST_FILE = YES;
				HEADER_SEARCH_PATHS = (
					"$(PROJECT_DIR)/Frameworks/GhosttyKit.xcframework/macos-arm64_x86_64/Headers",
				);
				INFOPLIST_GENERATION_MODE = GeneratedByBuildSystem;
				INFOPLIST_KEY_CFBundleDisplayName = Argus;
				INFOPLIST_KEY_CFBundleName = Argus;
				INFOPLIST_KEY_LSApplicationCategoryType = "public.app-category.developer-tools";
				LD_RUNPATH_SEARCH_PATHS = (
					"$(inherited)",
					"@executable_path/../Frameworks",
				);
				LIBRARY_SEARCH_PATHS = (
					"$(PROJECT_DIR)/Frameworks/GhosttyKit.xcframework/macos-arm64_x86_64",
				);
				MARKETING_VERSION = 0.1.0;
				OTHER_LDFLAGS = (
					"-lghostty",
					"-framework Metal",
					"-framework MetalKit",
					"-framework QuartzCore",
					"-framework IOSurface",
					"-framework UniformTypeIdentifiers",
					"-framework Carbon",
					"-framework WebKit",
					"-lz",
					"-lc++",
				);
				PRODUCT_BUNDLE_IDENTIFIER = com.argus.app;
				PRODUCT_NAME = Argus;
				SDKROOT = macosx;
				SWIFT_ACTIVE_COMPILATION_CONDITIONS = "$(inherited)";
				SWIFT_OBJC_BRIDGING_HEADER = "Argus/Resources/Argus-Bridging-Header.h";
			};
			name = Release;
		};
		BF559AE3A11F2C9BDD07A311 /* Debug */ = {
			isa = XCBuildConfiguration;
			buildSettings = {
				ASSETCATALOG_COMPILER_APPICON_NAME = AppIcon;
				CODE_SIGN_IDENTITY = "-";
				CODE_SIGN_STYLE = Manual;
				COMBINE_HIDPI_IMAGES = YES;
				CURRENT_PROJECT_VERSION = 1;
				ENABLE_HARDENED_RUNTIME = YES;
				FRAMEWORK_SEARCH_PATHS = (
					"$(PROJECT_DIR)/Frameworks",
				);
				GENERATE_INFOPLIST_FILE = YES;
				HEADER_SEARCH_PATHS = (
					"$(PROJECT_DIR)/Frameworks/GhosttyKit.xcframework/macos-arm64_x86_64/Headers",
				);
				INFOPLIST_GENERATION_MODE = GeneratedByBuildSystem;
				INFOPLIST_KEY_CFBundleDisplayName = Argus;
				INFOPLIST_KEY_CFBundleName = Argus;
				INFOPLIST_KEY_LSApplicationCategoryType = "public.app-category.developer-tools";
				LD_RUNPATH_SEARCH_PATHS = (
					"$(inherited)",
					"@executable_path/../Frameworks",
				);
				LIBRARY_SEARCH_PATHS = (
					"$(PROJECT_DIR)/Frameworks/GhosttyKit.xcframework/macos-arm64_x86_64",
				);
				MARKETING_VERSION = 0.1.0;
				OTHER_LDFLAGS = (
					"-lghostty",
					"-framework Metal",
					"-framework MetalKit",
					"-framework QuartzCore",
					"-framework IOSurface",
					"-framework UniformTypeIdentifiers",
					"-framework Carbon",
					"-framework WebKit",
					"-lz",
					"-lc++",
				);
				PRODUCT_BUNDLE_IDENTIFIER = com.argus.app;
				PRODUCT_NAME = Argus;
				SDKROOT = macosx;
				SWIFT_ACTIVE_COMPILATION_CONDITIONS = "$(inherited)";
				SWIFT_OBJC_BRIDGING_HEADER = "Argus/Resources/Argus-Bridging-Header.h";
			};
			name = Debug;
		};
		C1CA5C2DBB48CD287ECD69AE /* Release */ = {
			isa = XCBuildConfiguration;
			buildSettings = {
				BUNDLE_LOADER = "$(TEST_HOST)";
				COMBINE_HIDPI_IMAGES = YES;
				GENERATE_INFOPLIST_FILE = YES;
				HEADER_SEARCH_PATHS = (
					"$(PROJECT_DIR)/Frameworks/GhosttyKit.xcframework/macos-arm64_x86_64/Headers",
				);
				LD_RUNPATH_SEARCH_PATHS = (
					"$(inherited)",
					"@executable_path/../Frameworks",
					"@loader_path/../Frameworks",
				);
				PRODUCT_BUNDLE_IDENTIFIER = com.argus.tests;
				SDKROOT = macosx;
				TEST_HOST = "$(BUILT_PRODUCTS_DIR)/Argus.app/Contents/MacOS/Argus";
			};
			name = Release;
		};
/* End XCBuildConfiguration section */

/* Begin XCConfigurationList section */
		3699B055297D7AF9F565A4AF /* Build configuration list for PBXNativeTarget "ArgusTests" */ = {
			isa = XCConfigurationList;
			buildConfigurations = (
				55EDABAF78678A396082F14B /* Debug */,
				C1CA5C2DBB48CD287ECD69AE /* Release */,
			);
			defaultConfigurationIsVisible = 0;
			defaultConfigurationName = Debug;
		};
		3B224A7D049AF079B1F594AC /* Build configuration list for PBXProject "Argus" */ = {
			isa = XCConfigurationList;
			buildConfigurations = (
				817E98607284AC7FDD69D7AF /* Debug */,
				8F1EEB092C4B331A73785B3A /* Release */,
			);
			defaultConfigurationIsVisible = 0;
			defaultConfigurationName = Debug;
		};
		FF0C19A31823396699079CE5 /* Build configuration list for PBXNativeTarget "Argus" */ = {
			isa = XCConfigurationList;
			buildConfigurations = (
				BF559AE3A11F2C9BDD07A311 /* Debug */,
				8F63EB8A1C83C7D68A1F74D4 /* Release */,
			);
			defaultConfigurationIsVisible = 0;
			defaultConfigurationName = Debug;
		};
/* End XCConfigurationList section */
	};
	rootObject = 7317CB3691AAD002D5B8FA9F /* Project object */;
}
